
Microsoft Visual Studio Solution File, Format Version 12.00
# Visual Studio Version 16
VisualStudioVersion = 16.0.28803.202
MinimumVisualStudioVersion = 10.0.40219.1
Project("{9A19103F-16F7-4668-BE54-9A1E7A4F7556}") = "MadLib", "MadLib\MadLib.csproj", "{4894D71B-5893-4E48-87AB-C47F1A1967DE}"
EndProject
Project("{FAE04EC0-301F-11D3-BF4B-00C04F79EFBC}") = "MadLibLibrary", "MadLibLibrary\MadLibLibrary.csproj", "{438E95B5-CE22-431A-96EC-E211B752131F}"
EndProject
Global
	GlobalSection(SolutionConfigurationPlatforms) = preSolution
		Debug|Any CPU = Debug|Any CPU
		Release|Any CPU = Release|Any CPU
	EndGlobalSection
	GlobalSection(ProjectConfigurationPlatforms) = postSolution
		{4894D71B-5893-4E48-87AB-C47F1A1967DE}.Debug|Any CPU.ActiveCfg = Debug|Any CPU
		{4894D71B-5893-4E48-87AB-C47F1A1967DE}.Debug|Any CPU.Build.0 = Debug|Any CPU
		{4894D71B-5893-4E48-87AB-C47F1A1967DE}.Release|Any CPU.ActiveCfg = Release|Any CPU
		{4894D71B-5893-4E48-87AB-C47F1A1967DE}.Release|Any CPU.Build.0 = Release|Any CPU
		{438E95B5-CE22-431A-96EC-E211B752131F}.Debug|Any CPU.ActiveCfg = Debug|Any CPU
		{438E95B5-CE22-431A-96EC-E211B752131F}.Debug|Any CPU.Build.0 = Debug|Any CPU
		{438E95B5-CE22-431A-96EC-E211B752131F}.Release|Any CPU.ActiveCfg = Release|Any CPU
		{438E95B5-CE22-431A-96EC-E211B752131F}.Release|Any CPU.Build.0 = Release|Any CPU
	EndGlobalSection
	GlobalSection(SolutionProperties) = preSolution
		HideSolutionNode = FALSE
	EndGlobalSection
	GlobalSection(ExtensibilityGlobals) = postSolution
		SolutionGuid = {3ED3EBA8-D886-4AAB-ABE6-AD04E51E97B2}
	EndGlobalSection
EndGlobal
