
Microsoft Visual Studio Solution File, Format Version 12.00
# Visual Studio 15
VisualStudioVersion = 15.0.28010.2050
MinimumVisualStudioVersion = 10.0.40219.1
Project("{FAE04EC0-301F-11D3-BF4B-00C04F79EFBC}") = "MadLib", "MadLib\MadLib.csproj", "{4894D71B-5893-4E48-87AB-C47F1A1967DE}"
EndProject
Global
	GlobalSection(SolutionConfigurationPlatforms) = preSolution
		Debug|Any CPU = Debug|Any CPU
		Release|Any CPU = Release|Any CPU
	EndGlobalSection
	GlobalSection(ProjectConfigurationPlatforms) = postSolution
		{4894D71B-5893-4E48-87AB-C47F1A1967DE}.Debug|Any CPU.ActiveCfg = Debug|Any CPU
		{4894D71B-5893-4E48-87AB-C47F1A1967DE}.Debug|Any CPU.Build.0 = Debug|Any CPU
		{4894D71B-5893-4E48-87AB-C47F1A1967DE}.Release|Any CPU.ActiveCfg = Release|Any CPU
		{4894D71B-5893-4E48-87AB-C47F1A1967DE}.Release|Any CPU.Build.0 = Release|Any CPU
	EndGlobalSection
	GlobalSection(SolutionProperties) = preSolution
		HideSolutionNode = FALSE
	EndGlobalSection
	GlobalSection(ExtensibilityGlobals) = postSolution
		SolutionGuid = {3ED3EBA8-D886-4AAB-ABE6-AD04E51E97B2}
	EndGlobalSection
EndGlobal
